{
    "_readme": [
        "This file locks the dependencies of your project to a known state",
        "Read more about it at https://getcomposer.org/doc/01-basic-usage.md#composer-lock-the-lock-file",
        "This file is @generated automatically"
    ],
    "content-hash": "e789e83d5047af1ca045b6d0e1d14a68",
    "packages": [
        
    ],
    "packages-dev": [],
    "aliases": [],
    "minimum-stability": "stable",
    "prefer-stable": false,
    "prefer-lowest": false,
    "platform": [],
    "platform-dev": []
}
